
Microsoft Visual Studio Solution File, Format Version 12.00
# Visual Studio Version 16
VisualStudioVersion = 16.0.29509.3
MinimumVisualStudioVersion = 10.0.40219.1
Project("{FAE04EC0-301F-11D3-BF4B-00C04F79EFBC}") = "lab_5_2_RadixSort", "lab_5_2_RadixSort.csproj", "{4CCB97BB-1996-4F88-8F45-97D4DBA5CD8F}"
EndProject
Global
	GlobalSection(SolutionConfigurationPlatforms) = preSolution
		Debug|Any CPU = Debug|Any CPU
		Release|Any CPU = Release|Any CPU
	EndGlobalSection
	GlobalSection(ProjectConfigurationPlatforms) = postSolution
		{4CCB97BB-1996-4F88-8F45-97D4DBA5CD8F}.Debug|Any CPU.ActiveCfg = Debug|Any CPU
		{4CCB97BB-1996-4F88-8F45-97D4DBA5CD8F}.Debug|Any CPU.Build.0 = Debug|Any CPU
		{4CCB97BB-1996-4F88-8F45-97D4DBA5CD8F}.Release|Any CPU.ActiveCfg = Release|Any CPU
		{4CCB97BB-1996-4F88-8F45-97D4DBA5CD8F}.Release|Any CPU.Build.0 = Release|Any CPU
	EndGlobalSection
	GlobalSection(SolutionProperties) = preSolution
		HideSolutionNode = FALSE
	EndGlobalSection
	GlobalSection(ExtensibilityGlobals) = postSolution
		SolutionGuid = {8B2C1C38-80A6-4A10-96D0-C314B5B4FAA3}
	EndGlobalSection
EndGlobal
