
Microsoft Visual Studio Solution File, Format Version 12.00
# Visual Studio Version 16
VisualStudioVersion = 16.0.29509.3
MinimumVisualStudioVersion = 10.0.40219.1
Project("{FAE04EC0-301F-11D3-BF4B-00C04F79EFBC}") = "lab_5_1_Bucket_Sort", "lab_5_1_Bucket_Sort.csproj", "{89D6B00A-F26F-4910-B087-E92AE720CD65}"
EndProject
Global
	GlobalSection(SolutionConfigurationPlatforms) = preSolution
		Debug|Any CPU = Debug|Any CPU
		Release|Any CPU = Release|Any CPU
	EndGlobalSection
	GlobalSection(ProjectConfigurationPlatforms) = postSolution
		{89D6B00A-F26F-4910-B087-E92AE720CD65}.Debug|Any CPU.ActiveCfg = Debug|Any CPU
		{89D6B00A-F26F-4910-B087-E92AE720CD65}.Debug|Any CPU.Build.0 = Debug|Any CPU
		{89D6B00A-F26F-4910-B087-E92AE720CD65}.Release|Any CPU.ActiveCfg = Release|Any CPU
		{89D6B00A-F26F-4910-B087-E92AE720CD65}.Release|Any CPU.Build.0 = Release|Any CPU
	EndGlobalSection
	GlobalSection(SolutionProperties) = preSolution
		HideSolutionNode = FALSE
	EndGlobalSection
	GlobalSection(ExtensibilityGlobals) = postSolution
		SolutionGuid = {8A67AD04-124B-4009-A40F-32D6825BDE5A}
	EndGlobalSection
EndGlobal
